{
  "version": 4,
  "terraform_version": "1.0.7",
  "serial": 10,
  "lineage": "7817fe48-cda4-1444-9039-680c00c75dcd",
  "outputs": {
    "InstancePrivateIP": {
      "value": [
        "10.1.20.216"
      ],
      "type": [
        "tuple",
        [
          "string"
        ]
      ]
    },
    "InstancePublicIP": {
      "value": [
        "129.213.50.98"
      ],
      "type": [
        "tuple",
        [
          "string"
        ]
      ]
    }
  },
  "resources": [
    {
      "mode": "data",
      "type": "oci_core_vnic",
      "name": "InstanceVnic",
      "provider": "provider[\"registry.terraform.io/hashicorp/oci\"]",
      "instances": [
        {
          "schema_version": 0,
          "attributes": {
            "availability_domain": "ztar:US-ASHBURN-AD-1",
            "compartment_id": "ocid1.compartment.oc1..aaaaaaaafpccz3kputadn4afkhqxijghlz7zsmmvwpwxztnk72v5qtpva6oa",
            "defined_tags": {},
            "display_name": "primaryvnic",
            "freeform_tags": {},
            "hostname_label": "tfexampleinstance",
            "id": "ocid1.vnic.oc1.iad.abuwcljtasfj5dwk42fq7spnakzh6aitvky3xax45ilsjg6lekcuvf6o6cuq",
            "is_primary": true,
            "mac_address": "02:00:17:05:6D:96",
            "nsg_ids": [],
            "private_ip_address": "10.1.20.216",
            "public_ip_address": "129.213.50.98",
            "skip_source_dest_check": false,
            "state": "AVAILABLE",
            "subnet_id": "ocid1.subnet.oc1.iad.aaaaaaaa6b2jjjruzlkjmk43b6dudignb5adtf2itydnqlyx3fmo3iuhvzta",
            "time_created": "2021-09-29 13:55:09.13 +0000 UTC",
            "vlan_id": null,
            "vnic_id": "ocid1.vnic.oc1.iad.abuwcljtasfj5dwk42fq7spnakzh6aitvky3xax45ilsjg6lekcuvf6o6cuq"
          },
          "sensitive_attributes": []
        }
      ]
    },
    {
      "mode": "data",
      "type": "oci_core_vnic_attachments",
      "name": "InstanceVnics",
      "provider": "provider[\"registry.terraform.io/hashicorp/oci\"]",
      "instances": [
        {
          "schema_version": 0,
          "attributes": {
            "availability_domain": "ztar:US-ASHBURN-AD-1",
            "compartment_id": "ocid1.compartment.oc1..aaaaaaaafpccz3kputadn4afkhqxijghlz7zsmmvwpwxztnk72v5qtpva6oa",
            "filter": null,
            "id": "CoreVnicAttachmentsDataSource-4289592813",
            "instance_id": "ocid1.instance.oc1.iad.anuwcljt7swuj4ycpir2mtb54ars5m7xwjyj6p644jhmdutuw5obsri5vxsa",
            "vnic_attachments": [
              {
                "availability_domain": "ztar:US-ASHBURN-AD-1",
                "compartment_id": "ocid1.compartment.oc1..aaaaaaaafpccz3kputadn4afkhqxijghlz7zsmmvwpwxztnk72v5qtpva6oa",
                "create_vnic_details": [],
                "display_name": "",
                "id": "ocid1.vnicattachment.oc1.iad.anuwcljt7swuj4ycs7mdtrohksjx46ebuwp7c77jmzorrxoebgajjqxs273q",
                "instance_id": "ocid1.instance.oc1.iad.anuwcljt7swuj4ycpir2mtb54ars5m7xwjyj6p644jhmdutuw5obsri5vxsa",
                "nic_index": 0,
                "state": "ATTACHED",
                "subnet_id": "ocid1.subnet.oc1.iad.aaaaaaaa6b2jjjruzlkjmk43b6dudignb5adtf2itydnqlyx3fmo3iuhvzta",
                "time_created": "2021-09-29 13:55:09.5 +0000 UTC",
                "vlan_id": "",
                "vlan_tag": 3448,
                "vnic_id": "ocid1.vnic.oc1.iad.abuwcljtasfj5dwk42fq7spnakzh6aitvky3xax45ilsjg6lekcuvf6o6cuq"
              }
            ],
            "vnic_id": null
          },
          "sensitive_attributes": []
        }
      ]
    },
    {
      "mode": "data",
      "type": "oci_identity_availability_domains",
      "name": "ADs",
      "provider": "provider[\"registry.terraform.io/hashicorp/oci\"]",
      "instances": [
        {
          "schema_version": 0,
          "attributes": {
            "availability_domains": [
              {
                "compartment_id": "ocid1.tenancy.oc1..aaaaaaaax3qptuseedyoayisdek735nlmz7nb3bap6zwjawua3zlqpeoqu6a",
                "id": "ocid1.availabilitydomain.oc1..aaaaaaaatrwxaogr7dl4yschqtrmqrdv6uzis3mgbnomiagqrfhcb7mxsfdq",
                "name": "ztar:US-ASHBURN-AD-1"
              },
              {
                "compartment_id": "ocid1.tenancy.oc1..aaaaaaaax3qptuseedyoayisdek735nlmz7nb3bap6zwjawua3zlqpeoqu6a",
                "id": "ocid1.availabilitydomain.oc1..aaaaaaaauvt2n7pijol7uqgdnnsoojcukrijtmcltvfwxazmitk235wyohta",
                "name": "ztar:US-ASHBURN-AD-2"
              },
              {
                "compartment_id": "ocid1.tenancy.oc1..aaaaaaaax3qptuseedyoayisdek735nlmz7nb3bap6zwjawua3zlqpeoqu6a",
                "id": "ocid1.availabilitydomain.oc1..aaaaaaaaztunlny6ae4yw2vghp5go2zceaonwp6wiioe3tnh2vlaxjjl2n3a",
                "name": "ztar:US-ASHBURN-AD-3"
              }
            ],
            "compartment_id": "ocid1.tenancy.oc1..aaaaaaaax3qptuseedyoayisdek735nlmz7nb3bap6zwjawua3zlqpeoqu6a",
            "filter": null,
            "id": "IdentityAvailabilityDomainsDataSource-2683773862"
          },
          "sensitive_attributes": []
        }
      ]
    },
    {
      "mode": "managed",
      "type": "null_resource",
      "name": "remote-exec",
      "provider": "provider[\"registry.terraform.io/hashicorp/null\"]",
      "instances": [
        {
          "schema_version": 0,
          "attributes": {
            "id": "7619113018926975965",
            "triggers": null
          },
          "sensitive_attributes": [],
          "private": "bnVsbA==",
          "dependencies": [
            "oci_core_virtual_network.ExampleVCN",
            "data.oci_core_vnic.InstanceVnic",
            "data.oci_core_vnic_attachments.InstanceVnics",
            "data.oci_identity_availability_domains.ADs",
            "oci_core_instance.TFInstance",
            "oci_core_internet_gateway.ExampleIG",
            "oci_core_route_table.ExampleRT",
            "oci_core_subnet.ExampleSubnet"
          ]
        }
      ]
    },
    {
      "mode": "managed",
      "type": "oci_core_instance",
      "name": "TFInstance",
      "provider": "provider[\"registry.terraform.io/hashicorp/oci\"]",
      "instances": [
        {
          "schema_version": 0,
          "attributes": {
            "agent_config": [
              {
                "are_all_plugins_disabled": false,
                "is_management_disabled": false,
                "is_monitoring_disabled": false,
                "plugins_config": []
              }
            ],
            "availability_config": [
              {
                "is_live_migration_preferred": false,
                "recovery_action": "RESTORE_INSTANCE"
              }
            ],
            "availability_domain": "ztar:US-ASHBURN-AD-1",
            "boot_volume_id": "ocid1.bootvolume.oc1.iad.abuwcljtfneaj2zb3mtzvsy2drbuuegb6xkucxbgjs6l3sw7efxdhfbggfda",
            "capacity_reservation_id": null,
            "compartment_id": "ocid1.compartment.oc1..aaaaaaaafpccz3kputadn4afkhqxijghlz7zsmmvwpwxztnk72v5qtpva6oa",
            "create_vnic_details": [
              {
                "assign_private_dns_record": false,
                "assign_public_ip": "true",
                "defined_tags": {},
                "display_name": "primaryvnic",
                "freeform_tags": {},
                "hostname_label": "tfexampleinstance",
                "nsg_ids": [],
                "private_ip": "10.1.20.216",
                "skip_source_dest_check": false,
                "subnet_id": "ocid1.subnet.oc1.iad.aaaaaaaa6b2jjjruzlkjmk43b6dudignb5adtf2itydnqlyx3fmo3iuhvzta",
                "vlan_id": ""
              }
            ],
            "dedicated_vm_host_id": null,
            "defined_tags": {},
            "display_name": "TFInstance",
            "extended_metadata": {},
            "fault_domain": "FAULT-DOMAIN-3",
            "freeform_tags": {},
            "hostname_label": "tfexampleinstance",
            "id": "ocid1.instance.oc1.iad.anuwcljt7swuj4ycpir2mtb54ars5m7xwjyj6p644jhmdutuw5obsri5vxsa",
            "image": "ocid1.image.oc1.iad.aaaaaaaautkmgjebjmwym5i6lvlpqfzlzagvg5szedggdrbp6rcjcso3e4kq",
            "instance_options": [
              {
                "are_legacy_imds_endpoints_disabled": false
              }
            ],
            "ipxe_script": null,
            "is_pv_encryption_in_transit_enabled": null,
            "launch_mode": "NATIVE",
            "launch_options": [
              {
                "boot_volume_type": "ISCSI",
                "firmware": "UEFI_64",
                "is_consistent_volume_naming_enabled": false,
                "is_pv_encryption_in_transit_enabled": false,
                "network_type": "VFIO",
                "remote_data_volume_type": "PARAVIRTUALIZED"
              }
            ],
            "metadata": {
              "ssh_authorized_keys": "ssh-rsa AAAAB3NzaC1yc2EAAAADAQABAAABgQCamuklc+oEsiWtX8vgH6g5U3P5WDQECYSHiDyp5ZVIaOXZcG/UK1XDOxxaHjFWREEaaZkG8eAbavN9PjiRcIeoe5AXJzmPSluNjRHDuOzoa0WFRI7pBZK9wJr24tvrxMYnmGv/tTBoktnneSZHIWLgPtZx+EzNWx8AosMxlAe6LvV5vt2iRaAw9wIVjLKsiHB7Tp7h37zEM7WEZbQXOlsSAC7f2lfJzWy8c6StREwrXaIcAl1HidgYbRjiJTLvzDzj9SiS4iP0BYpAiJbHPIwXQLR5Pd++p3gl2SjftxGVL74fxdfZsqVwf0xkfTZL4Q0z8Ru1YkFac9GV66kytrAqCEnaMm0/rIGtcSfibUg0mDsGnp0AKzGXdsny81up0xfxo8kNsnwIXECDN+nlXY7oAWSqvdPDzNB0bidf969z7jrJGR2Mj8VezpyjvI7f463ja9+s3KbbnhCa7cJXEQPulqDkttpvCx4VT02XdhUHvbcnDBcSJN93hMka+Z24bQc= root@a9437a0f3af5",
              "user_data": "IyEvYmluL2Jhc2gNCnRvdWNoIC9yb290L3N0YXJ0aW5nX3J1bg0KeXVtIHVwZGF0ZSAteQ0KdG91Y2ggL3Jvb3QvcnVuX2NvbXBsZXRlDQo="
            },
            "platform_config": [],
            "preemptible_instance_config": [],
            "preserve_boot_volume": null,
            "private_ip": "10.1.20.216",
            "public_ip": "129.213.50.98",
            "region": "iad",
            "shape": "VM.Standard1.2",
            "shape_config": [
              {
                "baseline_ocpu_utilization": "",
                "gpu_description": "",
                "gpus": 0,
                "local_disk_description": "",
                "local_disks": 0,
                "local_disks_total_size_in_gbs": 0,
                "max_vnic_attachments": 2,
                "memory_in_gbs": 14,
                "networking_bandwidth_in_gbps": 1.2000000476837158,
                "ocpus": 2,
                "processor_description": "2.3 GHz Intel® Xeon® E5-2699 v3 (Haswell)"
              }
            ],
            "source_details": [
              {
                "boot_volume_size_in_gbs": "47",
                "kms_key_id": "",
                "source_id": "ocid1.image.oc1.iad.aaaaaaaautkmgjebjmwym5i6lvlpqfzlzagvg5szedggdrbp6rcjcso3e4kq",
                "source_type": "image"
              }
            ],
            "state": "RUNNING",
            "subnet_id": "ocid1.subnet.oc1.iad.aaaaaaaa6b2jjjruzlkjmk43b6dudignb5adtf2itydnqlyx3fmo3iuhvzta",
            "system_tags": {},
            "time_created": "2021-09-29 13:55:02.846 +0000 UTC",
            "time_maintenance_reboot_due": "",
            "timeouts": {
              "create": "60m",
              "delete": null,
              "update": null
            }
          },
          "sensitive_attributes": [],
          "private": "eyJlMmJmYjczMC1lY2FhLTExZTYtOGY4OC0zNDM2M2JjN2M0YzAiOnsiY3JlYXRlIjozNjAwMDAwMDAwMDAwLCJkZWxldGUiOjQ1MDAwMDAwMDAwMDAsInVwZGF0ZSI6MjcwMDAwMDAwMDAwMH19",
          "dependencies": [
            "data.oci_identity_availability_domains.ADs",
            "oci_core_internet_gateway.ExampleIG",
            "oci_core_route_table.ExampleRT",
            "oci_core_subnet.ExampleSubnet",
            "oci_core_virtual_network.ExampleVCN"
          ]
        }
      ]
    },
    {
      "mode": "managed",
      "type": "oci_core_internet_gateway",
      "name": "ExampleIG",
      "provider": "provider[\"registry.terraform.io/hashicorp/oci\"]",
      "instances": [
        {
          "schema_version": 0,
          "attributes": {
            "compartment_id": "ocid1.compartment.oc1..aaaaaaaafpccz3kputadn4afkhqxijghlz7zsmmvwpwxztnk72v5qtpva6oa",
            "defined_tags": {},
            "display_name": "TFExampleIG",
            "enabled": true,
            "freeform_tags": {},
            "id": "ocid1.internetgateway.oc1.iad.aaaaaaaarexof3zhpxlemwnkf2e4d3aeutxr46vshsmxaqv43hdbdvdapoha",
            "state": "AVAILABLE",
            "time_created": "2021-09-29 13:54:55.797 +0000 UTC",
            "timeouts": null,
            "vcn_id": "ocid1.vcn.oc1.iad.amaaaaaa7swuj4yaxx2vysaf3occhiujwnv5gzl6coy3mdgwegcd7miblkgq"
          },
          "sensitive_attributes": [],
          "private": "eyJlMmJmYjczMC1lY2FhLTExZTYtOGY4OC0zNDM2M2JjN2M0YzAiOnsiY3JlYXRlIjoxMjAwMDAwMDAwMDAwLCJkZWxldGUiOjEyMDAwMDAwMDAwMDAsInVwZGF0ZSI6MTIwMDAwMDAwMDAwMH19",
          "dependencies": [
            "oci_core_virtual_network.ExampleVCN"
          ]
        }
      ]
    },
    {
      "mode": "managed",
      "type": "oci_core_route_table",
      "name": "ExampleRT",
      "provider": "provider[\"registry.terraform.io/hashicorp/oci\"]",
      "instances": [
        {
          "schema_version": 0,
          "attributes": {
            "compartment_id": "ocid1.compartment.oc1..aaaaaaaafpccz3kputadn4afkhqxijghlz7zsmmvwpwxztnk72v5qtpva6oa",
            "defined_tags": {},
            "display_name": "TFExampleRouteTable",
            "freeform_tags": {},
            "id": "ocid1.routetable.oc1.iad.aaaaaaaa2tnuh5zhrnepi3mjimcwdoypgxzt4jqxbg3lyqy7gwp2a7uerwcq",
            "route_rules": [
              {
                "cidr_block": "0.0.0.0/0",
                "description": "",
                "destination": "0.0.0.0/0",
                "destination_type": "CIDR_BLOCK",
                "network_entity_id": "ocid1.internetgateway.oc1.iad.aaaaaaaarexof3zhpxlemwnkf2e4d3aeutxr46vshsmxaqv43hdbdvdapoha"
              }
            ],
            "state": "AVAILABLE",
            "time_created": "2021-09-29 13:54:56.949 +0000 UTC",
            "timeouts": null,
            "vcn_id": "ocid1.vcn.oc1.iad.amaaaaaa7swuj4yaxx2vysaf3occhiujwnv5gzl6coy3mdgwegcd7miblkgq"
          },
          "sensitive_attributes": [],
          "private": "eyJlMmJmYjczMC1lY2FhLTExZTYtOGY4OC0zNDM2M2JjN2M0YzAiOnsiY3JlYXRlIjoxMjAwMDAwMDAwMDAwLCJkZWxldGUiOjEyMDAwMDAwMDAwMDAsInVwZGF0ZSI6MTIwMDAwMDAwMDAwMH19",
          "dependencies": [
            "oci_core_internet_gateway.ExampleIG",
            "oci_core_virtual_network.ExampleVCN"
          ]
        }
      ]
    },
    {
      "mode": "managed",
      "type": "oci_core_subnet",
      "name": "ExampleSubnet",
      "provider": "provider[\"registry.terraform.io/hashicorp/oci\"]",
      "instances": [
        {
          "schema_version": 0,
          "attributes": {
            "availability_domain": "ztar:US-ASHBURN-AD-1",
            "cidr_block": "10.1.20.0/24",
            "compartment_id": "ocid1.compartment.oc1..aaaaaaaafpccz3kputadn4afkhqxijghlz7zsmmvwpwxztnk72v5qtpva6oa",
            "defined_tags": {
              "Oracle-Tags.CreatedBy": "oracleidentitycloudservice/k.takei@atomitech.jp"
            },
            "dhcp_options_id": "ocid1.dhcpoptions.oc1.iad.aaaaaaaasrkye7p274waxmrncdqcrnbnbw5r5fdply6kyur4su7nkc5hdfba",
            "display_name": "TFExampleSubnet",
            "dns_label": "tfexamplesubnet",
            "freeform_tags": {},
            "id": "ocid1.subnet.oc1.iad.aaaaaaaa6b2jjjruzlkjmk43b6dudignb5adtf2itydnqlyx3fmo3iuhvzta",
            "ipv6cidr_block": null,
            "ipv6virtual_router_ip": null,
            "prohibit_internet_ingress": false,
            "prohibit_public_ip_on_vnic": false,
            "route_table_id": "ocid1.routetable.oc1.iad.aaaaaaaa2tnuh5zhrnepi3mjimcwdoypgxzt4jqxbg3lyqy7gwp2a7uerwcq",
            "security_list_ids": [
              "ocid1.securitylist.oc1.iad.aaaaaaaadqh3lhqubcxabv4wmv4p5m6r7rn4q3l74uomlh7hy6mfmsf6kega"
            ],
            "state": "AVAILABLE",
            "subnet_domain_name": "tfexamplesubnet.tfexamplevcn.oraclevcn.com",
            "time_created": "2021-09-29 13:54:58.621 +0000 UTC",
            "timeouts": null,
            "vcn_id": "ocid1.vcn.oc1.iad.amaaaaaa7swuj4yaxx2vysaf3occhiujwnv5gzl6coy3mdgwegcd7miblkgq",
            "virtual_router_ip": "10.1.20.1",
            "virtual_router_mac": "00:00:17:79:26:E9"
          },
          "sensitive_attributes": [],
          "private": "eyJlMmJmYjczMC1lY2FhLTExZTYtOGY4OC0zNDM2M2JjN2M0YzAiOnsiY3JlYXRlIjoxMjAwMDAwMDAwMDAwLCJkZWxldGUiOjEyMDAwMDAwMDAwMDAsInVwZGF0ZSI6MTIwMDAwMDAwMDAwMH19",
          "dependencies": [
            "data.oci_identity_availability_domains.ADs",
            "oci_core_internet_gateway.ExampleIG",
            "oci_core_route_table.ExampleRT",
            "oci_core_virtual_network.ExampleVCN"
          ]
        }
      ]
    },
    {
      "mode": "managed",
      "type": "oci_core_virtual_network",
      "name": "ExampleVCN",
      "provider": "provider[\"registry.terraform.io/hashicorp/oci\"]",
      "instances": [
        {
          "schema_version": 0,
          "attributes": {
            "cidr_block": "10.1.0.0/16",
            "cidr_blocks": [
              "10.1.0.0/16"
            ],
            "compartment_id": "ocid1.compartment.oc1..aaaaaaaafpccz3kputadn4afkhqxijghlz7zsmmvwpwxztnk72v5qtpva6oa",
            "default_dhcp_options_id": "ocid1.dhcpoptions.oc1.iad.aaaaaaaasrkye7p274waxmrncdqcrnbnbw5r5fdply6kyur4su7nkc5hdfba",
            "default_route_table_id": "ocid1.routetable.oc1.iad.aaaaaaaarek7mevvnb63ud5bvctuseqmzym53xmz4qoht3lkhvpcnadz4dzq",
            "default_security_list_id": "ocid1.securitylist.oc1.iad.aaaaaaaadqh3lhqubcxabv4wmv4p5m6r7rn4q3l74uomlh7hy6mfmsf6kega",
            "defined_tags": {
              "Oracle-Tags.CreatedBy": "oracleidentitycloudservice/k.takei@atomitech.jp"
            },
            "display_name": "TFExampleVCN",
            "dns_label": "tfexamplevcn",
            "freeform_tags": {},
            "id": "ocid1.vcn.oc1.iad.amaaaaaa7swuj4yaxx2vysaf3occhiujwnv5gzl6coy3mdgwegcd7miblkgq",
            "ipv6cidr_blocks": [],
            "is_ipv6enabled": false,
            "state": "AVAILABLE",
            "time_created": "2021-09-29 13:54:54.211 +0000 UTC",
            "timeouts": null,
            "vcn_domain_name": "tfexamplevcn.oraclevcn.com"
          },
          "sensitive_attributes": [],
          "private": "eyJlMmJmYjczMC1lY2FhLTExZTYtOGY4OC0zNDM2M2JjN2M0YzAiOnsiY3JlYXRlIjoxMjAwMDAwMDAwMDAwLCJkZWxldGUiOjEyMDAwMDAwMDAwMDAsInVwZGF0ZSI6MTIwMDAwMDAwMDAwMH19"
        }
      ]
    }
  ]
}
